
Microsoft Visual Studio Solution File, Format Version 12.00
# Visual Studio Version 17
VisualStudioVersion = 17.14.37027.9
MinimumVisualStudioVersion = 10.0.40219.1
Project("{FAE04EC0-301F-11D3-BF4B-00C04F79EFBC}") = "lab2_23", "lab2_23\lab2_23.csproj", "{9EACD080-AD29-431C-8B36-76E2221E0B91}"
EndProject
Project("{FAE04EC0-301F-11D3-BF4B-00C04F79EFBC}") = "lab2tests", "lab2tests\lab2tests.csproj", "{33258DCD-8993-47BC-8F99-03C36D530DD8}"
EndProject
Project("{FAE04EC0-301F-11D3-BF4B-00C04F79EFBC}") = "lab2Utests", "lab2Utests\lab2Utests.csproj", "{2D333B40-4E58-48D8-9AA1-2C93D7A72533}"
EndProject
Global
	GlobalSection(SolutionConfigurationPlatforms) = preSolution
		Debug|Any CPU = Debug|Any CPU
		Release|Any CPU = Release|Any CPU
	EndGlobalSection
	GlobalSection(ProjectConfigurationPlatforms) = postSolution
		{9EACD080-AD29-431C-8B36-76E2221E0B91}.Debug|Any CPU.ActiveCfg = Debug|Any CPU
		{9EACD080-AD29-431C-8B36-76E2221E0B91}.Debug|Any CPU.Build.0 = Debug|Any CPU
		{9EACD080-AD29-431C-8B36-76E2221E0B91}.Release|Any CPU.ActiveCfg = Release|Any CPU
		{9EACD080-AD29-431C-8B36-76E2221E0B91}.Release|Any CPU.Build.0 = Release|Any CPU
		{33258DCD-8993-47BC-8F99-03C36D530DD8}.Debug|Any CPU.ActiveCfg = Debug|Any CPU
		{33258DCD-8993-47BC-8F99-03C36D530DD8}.Debug|Any CPU.Build.0 = Debug|Any CPU
		{33258DCD-8993-47BC-8F99-03C36D530DD8}.Release|Any CPU.ActiveCfg = Release|Any CPU
		{33258DCD-8993-47BC-8F99-03C36D530DD8}.Release|Any CPU.Build.0 = Release|Any CPU
		{2D333B40-4E58-48D8-9AA1-2C93D7A72533}.Debug|Any CPU.ActiveCfg = Debug|Any CPU
		{2D333B40-4E58-48D8-9AA1-2C93D7A72533}.Debug|Any CPU.Build.0 = Debug|Any CPU
		{2D333B40-4E58-48D8-9AA1-2C93D7A72533}.Release|Any CPU.ActiveCfg = Release|Any CPU
		{2D333B40-4E58-48D8-9AA1-2C93D7A72533}.Release|Any CPU.Build.0 = Release|Any CPU
	EndGlobalSection
	GlobalSection(SolutionProperties) = preSolution
		HideSolutionNode = FALSE
	EndGlobalSection
	GlobalSection(ExtensibilityGlobals) = postSolution
		SolutionGuid = {0BD2DC5B-7902-492E-ABC1-975F82D21989}
	EndGlobalSection
EndGlobal
